
Microsoft Visual Studio Solution File, Format Version 12.00
# Visual Studio Version 17
VisualStudioVersion = 17.9.34616.47
MinimumVisualStudioVersion = 10.0.40219.1
Project("{FAE04EC0-301F-11D3-BF4B-00C04F79EFBC}") = "QuestPdfDemo", "QuestPdfDemo.csproj", "{012FD5B5-7E78-4872-920D-8AD9F70E7373}"
EndProject
Global
	GlobalSection(SolutionConfigurationPlatforms) = preSolution
		Debug|Any CPU = Debug|Any CPU
		Release|Any CPU = Release|Any CPU
	EndGlobalSection
	GlobalSection(ProjectConfigurationPlatforms) = postSolution
		{012FD5B5-7E78-4872-920D-8AD9F70E7373}.Debug|Any CPU.ActiveCfg = Debug|Any CPU
		{012FD5B5-7E78-4872-920D-8AD9F70E7373}.Debug|Any CPU.Build.0 = Debug|Any CPU
		{012FD5B5-7E78-4872-920D-8AD9F70E7373}.Release|Any CPU.ActiveCfg = Release|Any CPU
		{012FD5B5-7E78-4872-920D-8AD9F70E7373}.Release|Any CPU.Build.0 = Release|Any CPU
	EndGlobalSection
	GlobalSection(SolutionProperties) = preSolution
		HideSolutionNode = FALSE
	EndGlobalSection
	GlobalSection(ExtensibilityGlobals) = postSolution
		SolutionGuid = {A4F08E35-90B5-4316-806F-B6ECBECBAD47}
	EndGlobalSection
EndGlobal
